github.com/sashabaranov/go-openai v1.38.2 h1:akrssjj+6DY3lWuDwHv6cBvJ8Z+FZDM9XEaaYFt0Auo=
github.com/sashabaranov/go-openai v1.38.2/go.mod h1:lj5b/K+zjTSFxVLijLSTDZuP7adOgerWeFyZLUhAKRg=
github.com/sashabaranov/go-openai v1.41.2 h1:vfPRBZNMpnqu8ELsclWcAvF19lDNgh1t6TVfFFOPiSM=
github.com/sashabaranov/go-openai v1.41.2/go.mod h1:lj5b/K+zjTSFxVLijLSTDZuP7adOgerWeFyZLUhAKRg=
